
Microsoft Visual Studio Solution File, Format Version 12.00
# Visual Studio 2013
VisualStudioVersion = 12.0.21005.1
MinimumVisualStudioVersion = 10.0.40219.1
Project("{2150E333-8FDC-42A3-9474-1A3956D46DE8}") = "爬虫", "爬虫", "{53C2953D-FBED-4F2E-9E79-D58B0CA0D021}"
EndProject
Project("{2150E333-8FDC-42A3-9474-1A3956D46DE8}") = "配置", "配置", "{515EC214-BA53-4D90-9AC1-759D5101A97B}"
EndProject
Project("{2150E333-8FDC-42A3-9474-1A3956D46DE8}") = "展现曾", "展现曾", "{01872BE1-AF62-4B0C-BDEA-1C08B67FAEA0}"
EndProject
Project("{FAE04EC0-301F-11D3-BF4B-00C04F79EFBC}") = "Lwb.Crawler.Contract", "Lwb.Crawler.Contract\Lwb.Crawler.Contract.csproj", "{E7218FF3-54DB-4CF8-AEF7-3E50548A899D}"
EndProject
Project("{FAE04EC0-301F-11D3-BF4B-00C04F79EFBC}") = "Lwb.Crawler.Service", "Lwb.Crawler.Service\Lwb.Crawler.Service.csproj", "{257CCC68-C703-4F25-9FA8-07969EFBB3F9}"
EndProject
Project("{FAE04EC0-301F-11D3-BF4B-00C04F79EFBC}") = "Lwb.Crawler.Center", "Lwb.Crawler.Center\Lwb.Crawler.Center.csproj", "{1FA8AC70-F0D1-4D5B-A44D-16978E252CAC}"
EndProject
Project("{FAE04EC0-301F-11D3-BF4B-00C04F79EFBC}") = "Lwb.Crawler", "Lwb.Crawler\Lwb.Crawler.csproj", "{39B96BBC-B17D-49C4-A907-F65AC066DED5}"
EndProject
Global
	GlobalSection(SolutionConfigurationPlatforms) = preSolution
		Debug|Any CPU = Debug|Any CPU
		Release|Any CPU = Release|Any CPU
	EndGlobalSection
	GlobalSection(ProjectConfigurationPlatforms) = postSolution
		{E7218FF3-54DB-4CF8-AEF7-3E50548A899D}.Debug|Any CPU.ActiveCfg = Debug|Any CPU
		{E7218FF3-54DB-4CF8-AEF7-3E50548A899D}.Debug|Any CPU.Build.0 = Debug|Any CPU
		{E7218FF3-54DB-4CF8-AEF7-3E50548A899D}.Release|Any CPU.ActiveCfg = Release|Any CPU
		{E7218FF3-54DB-4CF8-AEF7-3E50548A899D}.Release|Any CPU.Build.0 = Release|Any CPU
		{257CCC68-C703-4F25-9FA8-07969EFBB3F9}.Debug|Any CPU.ActiveCfg = Debug|Any CPU
		{257CCC68-C703-4F25-9FA8-07969EFBB3F9}.Debug|Any CPU.Build.0 = Debug|Any CPU
		{257CCC68-C703-4F25-9FA8-07969EFBB3F9}.Release|Any CPU.ActiveCfg = Release|Any CPU
		{257CCC68-C703-4F25-9FA8-07969EFBB3F9}.Release|Any CPU.Build.0 = Release|Any CPU
		{1FA8AC70-F0D1-4D5B-A44D-16978E252CAC}.Debug|Any CPU.ActiveCfg = Debug|Any CPU
		{1FA8AC70-F0D1-4D5B-A44D-16978E252CAC}.Debug|Any CPU.Build.0 = Debug|Any CPU
		{1FA8AC70-F0D1-4D5B-A44D-16978E252CAC}.Release|Any CPU.ActiveCfg = Release|Any CPU
		{1FA8AC70-F0D1-4D5B-A44D-16978E252CAC}.Release|Any CPU.Build.0 = Release|Any CPU
		{39B96BBC-B17D-49C4-A907-F65AC066DED5}.Debug|Any CPU.ActiveCfg = Debug|Any CPU
		{39B96BBC-B17D-49C4-A907-F65AC066DED5}.Debug|Any CPU.Build.0 = Debug|Any CPU
		{39B96BBC-B17D-49C4-A907-F65AC066DED5}.Release|Any CPU.ActiveCfg = Release|Any CPU
		{39B96BBC-B17D-49C4-A907-F65AC066DED5}.Release|Any CPU.Build.0 = Release|Any CPU
	EndGlobalSection
	GlobalSection(SolutionProperties) = preSolution
		HideSolutionNode = FALSE
	EndGlobalSection
	GlobalSection(NestedProjects) = preSolution
		{39B96BBC-B17D-49C4-A907-F65AC066DED5} = {53C2953D-FBED-4F2E-9E79-D58B0CA0D021}
		{01872BE1-AF62-4B0C-BDEA-1C08B67FAEA0} = {515EC214-BA53-4D90-9AC1-759D5101A97B}
		{E7218FF3-54DB-4CF8-AEF7-3E50548A899D} = {01872BE1-AF62-4B0C-BDEA-1C08B67FAEA0}
		{257CCC68-C703-4F25-9FA8-07969EFBB3F9} = {01872BE1-AF62-4B0C-BDEA-1C08B67FAEA0}
		{1FA8AC70-F0D1-4D5B-A44D-16978E252CAC} = {01872BE1-AF62-4B0C-BDEA-1C08B67FAEA0}
	EndGlobalSection
EndGlobal
